
Microsoft Visual Studio Solution File, Format Version 12.00
# Visual Studio Version 17
VisualStudioVersion = 17.6.33815.320
MinimumVisualStudioVersion = 10.0.40219.1
Project("{FAE04EC0-301F-11D3-BF4B-00C04F79EFBC}") = "NZWalks", "NZWalks\NZWalks.csproj", "{B7444270-1C81-4BE6-B497-14BE5BFA1FF8}"
EndProject
Global
	GlobalSection(SolutionConfigurationPlatforms) = preSolution
		Debug|Any CPU = Debug|Any CPU
		Release|Any CPU = Release|Any CPU
	EndGlobalSection
	GlobalSection(ProjectConfigurationPlatforms) = postSolution
		{B7444270-1C81-4BE6-B497-14BE5BFA1FF8}.Debug|Any CPU.ActiveCfg = Debug|Any CPU
		{B7444270-1C81-4BE6-B497-14BE5BFA1FF8}.Debug|Any CPU.Build.0 = Debug|Any CPU
		{B7444270-1C81-4BE6-B497-14BE5BFA1FF8}.Release|Any CPU.ActiveCfg = Release|Any CPU
		{B7444270-1C81-4BE6-B497-14BE5BFA1FF8}.Release|Any CPU.Build.0 = Release|Any CPU
	EndGlobalSection
	GlobalSection(SolutionProperties) = preSolution
		HideSolutionNode = FALSE
	EndGlobalSection
	GlobalSection(ExtensibilityGlobals) = postSolution
		SolutionGuid = {B1F7B70E-BD96-4CE4-8178-4013408BCEFF}
	EndGlobalSection
EndGlobal
